
Microsoft Visual Studio Solution File, Format Version 12.00
# Visual Studio 2013
Project("{FAE04EC0-301F-11D3-BF4B-00C04F79EFBC}") = "UnityVS.BetterThanResogun.CSharp", "UnityVS.BetterThanResogun.CSharp.csproj", "{54124D3D-14FA-3CBC-F140-EC97BE0CEA7B}"
EndProject
Project("{FAE04EC0-301F-11D3-BF4B-00C04F79EFBC}") = "UnityVS.BetterThanResogun.CSharp.Editor", "UnityVS.BetterThanResogun.CSharp.Editor.csproj", "{C7584FDB-EAD4-5D86-66CB-19329996AAF2}"
EndProject
Global
	GlobalSection(SolutionConfigurationPlatforms) = preSolution
		Debug|Any CPU = Debug|Any CPU
		Release|Any CPU = Release|Any CPU
	EndGlobalSection
	GlobalSection(ProjectConfigurationPlatforms) = postSolution
		{54124D3D-14FA-3CBC-F140-EC97BE0CEA7B}.Debug|Any CPU.ActiveCfg = Debug|Any CPU
		{54124D3D-14FA-3CBC-F140-EC97BE0CEA7B}.Debug|Any CPU.Build.0 = Debug|Any CPU
		{54124D3D-14FA-3CBC-F140-EC97BE0CEA7B}.Release|Any CPU.ActiveCfg = Release|Any CPU
		{54124D3D-14FA-3CBC-F140-EC97BE0CEA7B}.Release|Any CPU.Build.0 = Release|Any CPU
		{C7584FDB-EAD4-5D86-66CB-19329996AAF2}.Debug|Any CPU.ActiveCfg = Debug|Any CPU
		{C7584FDB-EAD4-5D86-66CB-19329996AAF2}.Debug|Any CPU.Build.0 = Debug|Any CPU
		{C7584FDB-EAD4-5D86-66CB-19329996AAF2}.Release|Any CPU.ActiveCfg = Release|Any CPU
		{C7584FDB-EAD4-5D86-66CB-19329996AAF2}.Release|Any CPU.Build.0 = Release|Any CPU
	EndGlobalSection
	GlobalSection(SolutionProperties) = preSolution
		HideSolutionNode = FALSE
	EndGlobalSection
EndGlobal
